<?xml version="1.0" encoding="utf-8"?>
<Project ToolsVersion="4.0" xmlns="http://schemas.microsoft.com/developer/msbuild/2003">
  <ItemGroup>
    <Filter Include="Utils">
      <UniqueIdentifier>{F68B420E-62A0-6ABF-2B22-0E1F97F566F0}</UniqueIdentifier>
    </Filter>
  </ItemGroup>
  <ItemGroup>
    <ClInclude Include="src\ParticleSystem.hpp" />
    <ClInclude Include="src\ParticleSystem3D.hpp" />
    <ClInclude Include="src\Sandbox2D.hpp" />
    <ClInclude Include="src\Sandbox3D.hpp" />
    <ClInclude Include="src\Utils\Maths.hpp">
      <Filter>Utils</Filter>
    </ClInclude>
    <ClInclude Include="src\Utils\Random.hpp">
      <Filter>Utils</Filter>
    </ClInclude>
  </ItemGroup>
  <ItemGroup>
    <ClCompile Include="src\ParticleSystem.cpp" />
    <ClCompile Include="src\ParticleSystem3D.cpp" />
    <ClCompile Include="src\Sandbox2D.cpp" />
    <ClCompile Include="src\Sandbox3D.cpp" />
    <ClCompile Include="src\SandboxApp.cpp" />
    <ClCompile Include="src\Utils\Maths.cpp">
      <Filter>Utils</Filter>
    </ClCompile>
    <ClCompile Include="src\Utils\Random.cpp">
      <Filter>Utils</Filter>
    </ClCompile>
  </ItemGroup>
</Project>