<?xml version="1.0" encoding="utf-8"?>
<Project ToolsVersion="4.0" xmlns="http://schemas.microsoft.com/developer/msbuild/2003">
  <ItemGroup>
    <Filter Include="util">
      <UniqueIdentifier>{43339F7C-2F6A-A00D-D856-8610C46C1C0F}</UniqueIdentifier>
    </Filter>
  </ItemGroup>
  <ItemGroup>
    <ClInclude Include="src\ToasterEditorLayer.hpp" />
    <ClInclude Include="src\util\Random.hpp">
      <Filter>util</Filter>
    </ClInclude>
  </ItemGroup>
  <ItemGroup>
    <ClCompile Include="src\ToasterEditorApp.cpp" />
    <ClCompile Include="src\ToasterEditorLayer.cpp" />
    <ClCompile Include="src\util\Random.cpp">
      <Filter>util</Filter>
    </ClCompile>
  </ItemGroup>
  <ItemGroup>
    <None Include="res\shaders\BasicShader.frag.glsl" />
    <None Include="res\shaders\BasicShader.vert.glsl" />
    <None Include="res\shaders\FlatShader.frag.glsl" />
    <None Include="res\shaders\FlatShader.vert.glsl" />
    <None Include="res\shaders\FlatTextureShader.glsl" />
    <None Include="res\shaders\SkyboxShader.frag.glsl" />
    <None Include="res\shaders\SkyboxShader.vert.glsl" />
    <None Include="res\shaders\TestShader.glsl" />
  </ItemGroup>
  <ItemGroup>
    <Image Include="res\textures\sprite sheets\Tiles_0.png" />
    <Image Include="res\textures\Absolute_Cinema.jpg" />
    <Image Include="res\textures\Grass2K.png" />
    <Image Include="res\textures\One_Leg_Bird.png" />
    <Image Include="res\textures\orbo0.png" />
    <Image Include="res\textures\RayTraceRoom.png" />
    <Image Include="res\cubemaps\back.jpg" />
    <Image Include="res\cubemaps\bottom.jpg" />
    <Image Include="res\cubemaps\front.jpg" />
    <Image Include="res\cubemaps\left.jpg" />
    <Image Include="res\cubemaps\right.jpg" />
    <Image Include="res\cubemaps\top.jpg" />
  </ItemGroup>
</Project>