<?xml version="1.0" encoding="utf-8"?>
<Project ToolsVersion="4.0" xmlns="http://schemas.microsoft.com/developer/msbuild/2003">
  <ItemGroup>
    <Filter Include="dependencies">
      <UniqueIdentifier>{8CAD9F58-7810-2FFD-2196-67B30DD8FA7F}</UniqueIdentifier>
    </Filter>
    <Filter Include="dependencies\ImGuizmo">
      <UniqueIdentifier>{6C1DA30B-D889-5E06-A17D-F6630DA9806E}</UniqueIdentifier>
    </Filter>
    <Filter Include="src">
      <UniqueIdentifier>{2DAB880B-99B4-887C-2230-9F7C8E38947C}</UniqueIdentifier>
    </Filter>
    <Filter Include="src\Toaster">
      <UniqueIdentifier>{FE7D1E59-6A33-974E-F327-91255FDC8D52}</UniqueIdentifier>
    </Filter>
    <Filter Include="src\Toaster\Core">
      <UniqueIdentifier>{1611ACA4-020A-CBF6-2B3C-B07B1794AA02}</UniqueIdentifier>
    </Filter>
    <Filter Include="src\Toaster\Debug">
      <UniqueIdentifier>{F48E3A3A-60A5-38D0-A91C-C4F115720958}</UniqueIdentifier>
    </Filter>
    <Filter Include="src\Toaster\Events">
      <UniqueIdentifier>{22C01685-0EA4-D7DA-7704-D22D6307C25C}</UniqueIdentifier>
    </Filter>
    <Filter Include="src\Toaster\Renderer">
      <UniqueIdentifier>{645FC21C-50EE-4BE6-F90C-60E1E57A5C8C}</UniqueIdentifier>
    </Filter>
    <Filter Include="src\Toaster\Renderer\Loaders">
      <UniqueIdentifier>{5D1BAEB1-49D6-9D5D-F28D-16A8DE27E8ED}</UniqueIdentifier>
    </Filter>
    <Filter Include="src\Toaster\Scene">
      <UniqueIdentifier>{9BF1483B-0708-47D1-507F-D2F2BCD41759}</UniqueIdentifier>
    </Filter>
    <Filter Include="src\Toaster\Util">
      <UniqueIdentifier>{0B04B6A4-F7FC-D4F6-202F-BA7B0C87B402}</UniqueIdentifier>
    </Filter>
    <Filter Include="src\Toaster\imgui">
      <UniqueIdentifier>{E891DC3C-54A8-DAD2-9D1F-66F40975AB5A}</UniqueIdentifier>
    </Filter>
    <Filter Include="src\platform">
      <UniqueIdentifier>{41663D6D-2DC9-CC11-D64E-05C8C2909894}</UniqueIdentifier>
    </Filter>
    <Filter Include="src\platform\OpenGl">
      <UniqueIdentifier>{755C82A0-E1BD-5FAE-6A2B-A660D68B966D}</UniqueIdentifier>
    </Filter>
    <Filter Include="src\platform\Vulkan">
      <UniqueIdentifier>{A1C034B1-0D22-12BF-968F-587102F0487E}</UniqueIdentifier>
    </Filter>
    <Filter Include="src\platform\Windows">
      <UniqueIdentifier>{7BC1E908-6750-73D2-106F-87CDFCDC8378}</UniqueIdentifier>
    </Filter>
  </ItemGroup>
  <ItemGroup>
    <ClInclude Include="..\dependencies\ImGuizmo\ImGuizmo.h">
      <Filter>dependencies\ImGuizmo</Filter>
    </ClInclude>
    <ClInclude Include="src\Toaster.h">
      <Filter>src</Filter>
    </ClInclude>
    <ClInclude Include="src\Toaster\CameraController.hpp">
      <Filter>src\Toaster</Filter>
    </ClInclude>
    <ClInclude Include="src\Toaster\Core\Application.hpp">
      <Filter>src\Toaster\Core</Filter>
    </ClInclude>
    <ClInclude Include="src\Toaster\Core\Core.hpp">
      <Filter>src\Toaster\Core</Filter>
    </ClInclude>
    <ClInclude Include="src\Toaster\Core\EntryPoint.hpp">
      <Filter>src\Toaster\Core</Filter>
    </ClInclude>
    <ClInclude Include="src\Toaster\Core\Input.hpp">
      <Filter>src\Toaster\Core</Filter>
    </ClInclude>
    <ClInclude Include="src\Toaster\Core\KeyCodes.hpp">
      <Filter>src\Toaster\Core</Filter>
    </ClInclude>
    <ClInclude Include="src\Toaster\Core\Layer.hpp">
      <Filter>src\Toaster\Core</Filter>
    </ClInclude>
    <ClInclude Include="src\Toaster\Core\LayerStack.hpp">
      <Filter>src\Toaster\Core</Filter>
    </ClInclude>
    <ClInclude Include="src\Toaster\Core\Log.hpp">
      <Filter>src\Toaster\Core</Filter>
    </ClInclude>
    <ClInclude Include="src\Toaster\Core\MouseCodes.hpp">
      <Filter>src\Toaster\Core</Filter>
    </ClInclude>
    <ClInclude Include="src\Toaster\Core\Time.hpp">
      <Filter>src\Toaster\Core</Filter>
    </ClInclude>
    <ClInclude Include="src\Toaster\Core\Window.hpp">
      <Filter>src\Toaster\Core</Filter>
    </ClInclude>
    <ClInclude Include="src\Toaster\Debug\Instrumentor.h">
      <Filter>src\Toaster\Debug</Filter>
    </ClInclude>
    <ClInclude Include="src\Toaster\Events\ApplicationEvent.hpp">
      <Filter>src\Toaster\Events</Filter>
    </ClInclude>
    <ClInclude Include="src\Toaster\Events\Event.hpp">
      <Filter>src\Toaster\Events</Filter>
    </ClInclude>
    <ClInclude Include="src\Toaster\Events\KeyEvent.hpp">
      <Filter>src\Toaster\Events</Filter>
    </ClInclude>
    <ClInclude Include="src\Toaster\Events\MouseEvent.hpp">
      <Filter>src\Toaster\Events</Filter>
    </ClInclude>
    <ClInclude Include="src\Toaster\Renderer\Buffer.hpp">
      <Filter>src\Toaster\Renderer</Filter>
    </ClInclude>
    <ClInclude Include="src\Toaster\Renderer\Camera.hpp">
      <Filter>src\Toaster\Renderer</Filter>
    </ClInclude>
    <ClInclude Include="src\Toaster\Renderer\DebugRenderer.hpp">
      <Filter>src\Toaster\Renderer</Filter>
    </ClInclude>
    <ClInclude Include="src\Toaster\Renderer\Framebuffer.hpp">
      <Filter>src\Toaster\Renderer</Filter>
    </ClInclude>
    <ClInclude Include="src\Toaster\Renderer\FrustumCulling.hpp">
      <Filter>src\Toaster\Renderer</Filter>
    </ClInclude>
    <ClInclude Include="src\Toaster\Renderer\Light.hpp">
      <Filter>src\Toaster\Renderer</Filter>
    </ClInclude>
    <ClInclude Include="src\Toaster\Renderer\Loaders\BlendLoader.hpp">
      <Filter>src\Toaster\Renderer\Loaders</Filter>
    </ClInclude>
    <ClInclude Include="src\Toaster\Renderer\Loaders\FbxLoader.hpp">
      <Filter>src\Toaster\Renderer\Loaders</Filter>
    </ClInclude>
    <ClInclude Include="src\Toaster\Renderer\Loaders\ObjLoader.hpp">
      <Filter>src\Toaster\Renderer\Loaders</Filter>
    </ClInclude>
    <ClInclude Include="src\Toaster\Renderer\Material.hpp">
      <Filter>src\Toaster\Renderer</Filter>
    </ClInclude>
    <ClInclude Include="src\Toaster\Renderer\Mesh.hpp">
      <Filter>src\Toaster\Renderer</Filter>
    </ClInclude>
    <ClInclude Include="src\Toaster\Renderer\MeshRenderer.hpp">
      <Filter>src\Toaster\Renderer</Filter>
    </ClInclude>
    <ClInclude Include="src\Toaster\Renderer\RenderCommand.hpp">
      <Filter>src\Toaster\Renderer</Filter>
    </ClInclude>
    <ClInclude Include="src\Toaster\Renderer\RenderCore.hpp">
      <Filter>src\Toaster\Renderer</Filter>
    </ClInclude>
    <ClInclude Include="src\Toaster\Renderer\RenderQueue.hpp">
      <Filter>src\Toaster\Renderer</Filter>
    </ClInclude>
    <ClInclude Include="src\Toaster\Renderer\Renderer.hpp">
      <Filter>src\Toaster\Renderer</Filter>
    </ClInclude>
    <ClInclude Include="src\Toaster\Renderer\Renderer2D.hpp">
      <Filter>src\Toaster\Renderer</Filter>
    </ClInclude>
    <ClInclude Include="src\Toaster\Renderer\Renderer3D.hpp">
      <Filter>src\Toaster\Renderer</Filter>
    </ClInclude>
    <ClInclude Include="src\Toaster\Renderer\RendererAPI.hpp">
      <Filter>src\Toaster\Renderer</Filter>
    </ClInclude>
    <ClInclude Include="src\Toaster\Renderer\RenderingContext.hpp">
      <Filter>src\Toaster\Renderer</Filter>
    </ClInclude>
    <ClInclude Include="src\Toaster\Renderer\Shader.hpp">
      <Filter>src\Toaster\Renderer</Filter>
    </ClInclude>
    <ClInclude Include="src\Toaster\Renderer\SkyBoxRenderer.hpp">
      <Filter>src\Toaster\Renderer</Filter>
    </ClInclude>
    <ClInclude Include="src\Toaster\Renderer\Texture.hpp">
      <Filter>src\Toaster\Renderer</Filter>
    </ClInclude>
    <ClInclude Include="src\Toaster\Renderer\Transform.hpp">
      <Filter>src\Toaster\Renderer</Filter>
    </ClInclude>
    <ClInclude Include="src\Toaster\Renderer\VertexArray.hpp">
      <Filter>src\Toaster\Renderer</Filter>
    </ClInclude>
    <ClInclude Include="src\Toaster\Scene\Components.hpp">
      <Filter>src\Toaster\Scene</Filter>
    </ClInclude>
    <ClInclude Include="src\Toaster\Scene\Entity.hpp">
      <Filter>src\Toaster\Scene</Filter>
    </ClInclude>
    <ClInclude Include="src\Toaster\Scene\Scene.hpp">
      <Filter>src\Toaster\Scene</Filter>
    </ClInclude>
    <ClInclude Include="src\Toaster\Scene\SceneSerializer.hpp">
      <Filter>src\Toaster\Scene</Filter>
    </ClInclude>
    <ClInclude Include="src\Toaster\Scene\ScriptableEntity.hpp">
      <Filter>src\Toaster\Scene</Filter>
    </ClInclude>
    <ClInclude Include="src\Toaster\Util\MathUtil.hpp">
      <Filter>src\Toaster\Util</Filter>
    </ClInclude>
    <ClInclude Include="src\Toaster\Util\PlatformUtils.hpp">
      <Filter>src\Toaster\Util</Filter>
    </ClInclude>
    <ClInclude Include="src\Toaster\imgui\ImguiLayer.hpp">
      <Filter>src\Toaster\imgui</Filter>
    </ClInclude>
    <ClInclude Include="src\platform\OpenGl\OpenGLBuffer.hpp">
      <Filter>src\platform\OpenGl</Filter>
    </ClInclude>
    <ClInclude Include="src\platform\OpenGl\OpenGLFramebuffer.hpp">
      <Filter>src\platform\OpenGl</Filter>
    </ClInclude>
    <ClInclude Include="src\platform\OpenGl\OpenGLImage.hpp">
      <Filter>src\platform\OpenGl</Filter>
    </ClInclude>
    <ClInclude Include="src\platform\OpenGl\OpenGLRendererAPI.hpp">
      <Filter>src\platform\OpenGl</Filter>
    </ClInclude>
    <ClInclude Include="src\platform\OpenGl\OpenGLRenderingContext.hpp">
      <Filter>src\platform\OpenGl</Filter>
    </ClInclude>
    <ClInclude Include="src\platform\OpenGl\OpenGLShader.hpp">
      <Filter>src\platform\OpenGl</Filter>
    </ClInclude>
    <ClInclude Include="src\platform\OpenGl\OpenGLTexture.hpp">
      <Filter>src\platform\OpenGl</Filter>
    </ClInclude>
    <ClInclude Include="src\platform\OpenGl\OpenGLVertexArray.hpp">
      <Filter>src\platform\OpenGl</Filter>
    </ClInclude>
    <ClInclude Include="src\platform\OpenGl\OpenGlTestLayer.h">
      <Filter>src\platform\OpenGl</Filter>
    </ClInclude>
    <ClInclude Include="src\platform\Vulkan\VulkanBuffer.hpp">
      <Filter>src\platform\Vulkan</Filter>
    </ClInclude>
    <ClInclude Include="src\platform\Vulkan\VulkanDevice.hpp">
      <Filter>src\platform\Vulkan</Filter>
    </ClInclude>
    <ClInclude Include="src\platform\Vulkan\VulkanImage.hpp">
      <Filter>src\platform\Vulkan</Filter>
    </ClInclude>
    <ClInclude Include="src\platform\Vulkan\VulkanRenderingContext.hpp">
      <Filter>src\platform\Vulkan</Filter>
    </ClInclude>
    <ClInclude Include="src\platform\Windows\WindowsInput.hpp">
      <Filter>src\platform\Windows</Filter>
    </ClInclude>
    <ClInclude Include="src\platform\Windows\WindowsWindow.hpp">
      <Filter>src\platform\Windows</Filter>
    </ClInclude>
    <ClInclude Include="src\tstpch.h">
      <Filter>src</Filter>
    </ClInclude>
    <ClInclude Include="src\Toaster\Renderer\MaterialSystem.hpp" />
    <ClInclude Include="src\Toaster\Renderer\RenderPipeline.hpp" />
    <ClInclude Include="src\Toaster\Renderer\RenderSubmission.hpp" />
    <ClInclude Include="src\Toaster\Renderer\Loaders\GltfLoader.hpp" />
    <ClInclude Include="src\Toaster\Asset\Asset.hpp" />
  </ItemGroup>
  <ItemGroup>
    <ClCompile Include="..\dependencies\ImGuizmo\ImGuizmo.cpp">
      <Filter>dependencies\ImGuizmo</Filter>
    </ClCompile>
    <ClCompile Include="src\Toaster\CameraController.cpp">
      <Filter>src\Toaster</Filter>
    </ClCompile>
    <ClCompile Include="src\Toaster\Core\Application.cpp">
      <Filter>src\Toaster\Core</Filter>
    </ClCompile>
    <ClCompile Include="src\Toaster\Core\Layer.cpp">
      <Filter>src\Toaster\Core</Filter>
    </ClCompile>
    <ClCompile Include="src\Toaster\Core\LayerStack.cpp">
      <Filter>src\Toaster\Core</Filter>
    </ClCompile>
    <ClCompile Include="src\Toaster\Core\Log.cpp">
      <Filter>src\Toaster\Core</Filter>
    </ClCompile>
    <ClCompile Include="src\Toaster\Core\Time.cpp">
      <Filter>src\Toaster\Core</Filter>
    </ClCompile>
    <ClCompile Include="src\Toaster\Renderer\Buffer.cpp">
      <Filter>src\Toaster\Renderer</Filter>
    </ClCompile>
    <ClCompile Include="src\Toaster\Renderer\Camera.cpp">
      <Filter>src\Toaster\Renderer</Filter>
    </ClCompile>
    <ClCompile Include="src\Toaster\Renderer\DebugRenderer.cpp">
      <Filter>src\Toaster\Renderer</Filter>
    </ClCompile>
    <ClCompile Include="src\Toaster\Renderer\Framebuffer.cpp">
      <Filter>src\Toaster\Renderer</Filter>
    </ClCompile>
    <ClCompile Include="src\Toaster\Renderer\FrustumCulling.cpp">
      <Filter>src\Toaster\Renderer</Filter>
    </ClCompile>
    <ClCompile Include="src\Toaster\Renderer\Loaders\BlendLoader.cpp">
      <Filter>src\Toaster\Renderer\Loaders</Filter>
    </ClCompile>
    <ClCompile Include="src\Toaster\Renderer\Loaders\FbxLoader.cpp">
      <Filter>src\Toaster\Renderer\Loaders</Filter>
    </ClCompile>
    <ClCompile Include="src\Toaster\Renderer\Loaders\ObjLoader.cpp">
      <Filter>src\Toaster\Renderer\Loaders</Filter>
    </ClCompile>
    <ClCompile Include="src\Toaster\Renderer\Material.cpp">
      <Filter>src\Toaster\Renderer</Filter>
    </ClCompile>
    <ClCompile Include="src\Toaster\Renderer\Mesh.cpp">
      <Filter>src\Toaster\Renderer</Filter>
    </ClCompile>
    <ClCompile Include="src\Toaster\Renderer\MeshRenderer.cpp">
      <Filter>src\Toaster\Renderer</Filter>
    </ClCompile>
    <ClCompile Include="src\Toaster\Renderer\RenderCommand.cpp">
      <Filter>src\Toaster\Renderer</Filter>
    </ClCompile>
    <ClCompile Include="src\Toaster\Renderer\RenderCore.cpp">
      <Filter>src\Toaster\Renderer</Filter>
    </ClCompile>
    <ClCompile Include="src\Toaster\Renderer\RenderQueue.cpp">
      <Filter>src\Toaster\Renderer</Filter>
    </ClCompile>
    <ClCompile Include="src\Toaster\Renderer\Renderer.cpp">
      <Filter>src\Toaster\Renderer</Filter>
    </ClCompile>
    <ClCompile Include="src\Toaster\Renderer\Renderer2D.cpp">
      <Filter>src\Toaster\Renderer</Filter>
    </ClCompile>
    <ClCompile Include="src\Toaster\Renderer\Renderer3D.cpp">
      <Filter>src\Toaster\Renderer</Filter>
    </ClCompile>
    <ClCompile Include="src\Toaster\Renderer\RendererAPI.cpp">
      <Filter>src\Toaster\Renderer</Filter>
    </ClCompile>
    <ClCompile Include="src\Toaster\Renderer\Shader.cpp">
      <Filter>src\Toaster\Renderer</Filter>
    </ClCompile>
    <ClCompile Include="src\Toaster\Renderer\SkyBoxRenderer.cpp">
      <Filter>src\Toaster\Renderer</Filter>
    </ClCompile>
    <ClCompile Include="src\Toaster\Renderer\Texture.cpp">
      <Filter>src\Toaster\Renderer</Filter>
    </ClCompile>
    <ClCompile Include="src\Toaster\Renderer\VertexArray.cpp">
      <Filter>src\Toaster\Renderer</Filter>
    </ClCompile>
    <ClCompile Include="src\Toaster\Scene\Components.cpp">
      <Filter>src\Toaster\Scene</Filter>
    </ClCompile>
    <ClCompile Include="src\Toaster\Scene\Entity.cpp">
      <Filter>src\Toaster\Scene</Filter>
    </ClCompile>
    <ClCompile Include="src\Toaster\Scene\Scene.cpp">
      <Filter>src\Toaster\Scene</Filter>
    </ClCompile>
    <ClCompile Include="src\Toaster\Scene\SceneSerializer.cpp">
      <Filter>src\Toaster\Scene</Filter>
    </ClCompile>
    <ClCompile Include="src\Toaster\imgui\ImGuiBuild.cpp">
      <Filter>src\Toaster\imgui</Filter>
    </ClCompile>
    <ClCompile Include="src\Toaster\imgui\ImguiLayer.cpp">
      <Filter>src\Toaster\imgui</Filter>
    </ClCompile>
    <ClCompile Include="src\platform\OpenGl\OpenGLBuffer.cpp">
      <Filter>src\platform\OpenGl</Filter>
    </ClCompile>
    <ClCompile Include="src\platform\OpenGl\OpenGLFramebuffer.cpp">
      <Filter>src\platform\OpenGl</Filter>
    </ClCompile>
    <ClCompile Include="src\platform\OpenGl\OpenGLImage.cpp">
      <Filter>src\platform\OpenGl</Filter>
    </ClCompile>
    <ClCompile Include="src\platform\OpenGl\OpenGLRendererAPI.cpp">
      <Filter>src\platform\OpenGl</Filter>
    </ClCompile>
    <ClCompile Include="src\platform\OpenGl\OpenGLRenderingContext.cpp">
      <Filter>src\platform\OpenGl</Filter>
    </ClCompile>
    <ClCompile Include="src\platform\OpenGl\OpenGLShader.cpp">
      <Filter>src\platform\OpenGl</Filter>
    </ClCompile>
    <ClCompile Include="src\platform\OpenGl\OpenGLTexture.cpp">
      <Filter>src\platform\OpenGl</Filter>
    </ClCompile>
    <ClCompile Include="src\platform\OpenGl\OpenGLVertexArray.cpp">
      <Filter>src\platform\OpenGl</Filter>
    </ClCompile>
    <ClCompile Include="src\platform\OpenGl\OpenGlTestLayer.cpp">
      <Filter>src\platform\OpenGl</Filter>
    </ClCompile>
    <ClCompile Include="src\platform\Vulkan\VulkanBuffer.cpp">
      <Filter>src\platform\Vulkan</Filter>
    </ClCompile>
    <ClCompile Include="src\platform\Vulkan\VulkanDevice.cpp">
      <Filter>src\platform\Vulkan</Filter>
    </ClCompile>
    <ClCompile Include="src\platform\Vulkan\VulkanImage.cpp">
      <Filter>src\platform\Vulkan</Filter>
    </ClCompile>
    <ClCompile Include="src\platform\Vulkan\VulkanRenderingContext.cpp">
      <Filter>src\platform\Vulkan</Filter>
    </ClCompile>
    <ClCompile Include="src\platform\Windows\WindowsInput.cpp">
      <Filter>src\platform\Windows</Filter>
    </ClCompile>
    <ClCompile Include="src\platform\Windows\WindowsPlatformUtils.cpp">
      <Filter>src\platform\Windows</Filter>
    </ClCompile>
    <ClCompile Include="src\platform\Windows\WindowsWindow.cpp">
      <Filter>src\platform\Windows</Filter>
    </ClCompile>
    <ClCompile Include="src\tstpch.cpp">
      <Filter>src</Filter>
    </ClCompile>
    <ClCompile Include="src\Toaster\Renderer\MaterialSystem.cpp" />
    <ClCompile Include="src\Toaster\Renderer\RenderPipeline.cpp" />
    <ClCompile Include="src\Toaster\Renderer\RenderSubmission.cpp" />
    <ClCompile Include="src\Toaster\Renderer\Loaders\GltfLoader.cpp" />
    <ClCompile Include="src\Toaster\Asset\Asset.cpp" />
  </ItemGroup>
  <ItemGroup>
    <None Include="res\shaders\FlatTextureShader.glsl" />
    <None Include="res\shaders\LightingShader.glsl" />
    <None Include="res\shaders\LineShader.frag.glsl" />
    <None Include="res\shaders\LineShader.vert.glsl" />
    <None Include="res\shaders\MeshShader.frag.glsl" />
    <None Include="res\shaders\MeshShader.glsl" />
    <None Include="res\shaders\MeshShader.vert.glsl" />
    <None Include="res\shaders\SkyBoxShader.frag.glsl" />
    <None Include="res\shaders\SkyBoxShader.glsl" />
    <None Include="res\shaders\SkyBoxShader.vert.glsl" />
  </ItemGroup>
</Project>