<?xml version="1.0" encoding="utf-8"?>
<Project ToolsVersion="4.0" xmlns="http://schemas.microsoft.com/developer/msbuild/2003">
  <ItemGroup>
    <Filter Include="Toaster">
      <UniqueIdentifier>{E77DE44F-535D-63EB-5C75-EEC1C8D3C94C}</UniqueIdentifier>
    </Filter>
    <Filter Include="Toaster\Core">
      <UniqueIdentifier>{9F6A8B91-8BCD-1A36-3453-53EC2095E6B8}</UniqueIdentifier>
    </Filter>
    <Filter Include="Toaster\Debug">
      <UniqueIdentifier>{9D1905C3-09DA-80F9-D214-CA763E94C5D5}</UniqueIdentifier>
    </Filter>
    <Filter Include="Toaster\Events">
      <UniqueIdentifier>{EB9F3227-D76D-262D-C001-9753AC6E0292}</UniqueIdentifier>
    </Filter>
    <Filter Include="Toaster\Renderer">
      <UniqueIdentifier>{6D5555B5-594E-7407-8280-598C6ED85313}</UniqueIdentifier>
    </Filter>
    <Filter Include="Toaster\Renderer\Loaders">
      <UniqueIdentifier>{660A3769-522F-86E9-7B7A-6B7967FE8407}</UniqueIdentifier>
    </Filter>
    <Filter Include="Toaster\Scene">
      <UniqueIdentifier>{447C13C4-B03C-8FFA-7977-D877E5F6D3D6}</UniqueIdentifier>
    </Filter>
    <Filter Include="Toaster\Util">
      <UniqueIdentifier>{945D9591-80C0-2436-2946-5DEC1588F0B8}</UniqueIdentifier>
    </Filter>
    <Filter Include="Toaster\imgui">
      <UniqueIdentifier>{911CA7C5-FDDC-22FC-C617-6C79329767D8}</UniqueIdentifier>
    </Filter>
    <Filter Include="platform">
      <UniqueIdentifier>{4A63C33C-3630-1E48-5F49-0CF04B7553D6}</UniqueIdentifier>
    </Filter>
    <Filter Include="platform\OpenGl">
      <UniqueIdentifier>{5E351A86-CAC0-874A-D3D1-0A3F3FDCE34A}</UniqueIdentifier>
    </Filter>
    <Filter Include="platform\Vulkan">
      <UniqueIdentifier>{8A99CC96-F624-3A5B-FF35-BD4F6B40965B}</UniqueIdentifier>
    </Filter>
    <Filter Include="platform\Windows">
      <UniqueIdentifier>{84B77CA1-70B0-9BF3-99E2-8078853A7BFF}</UniqueIdentifier>
    </Filter>
  </ItemGroup>
  <ItemGroup>
    <ClInclude Include="src\Toaster.h" />
    <ClInclude Include="src\Toaster\CameraController.hpp">
      <Filter>Toaster</Filter>
    </ClInclude>
    <ClInclude Include="src\Toaster\Core\Application.hpp">
      <Filter>Toaster\Core</Filter>
    </ClInclude>
    <ClInclude Include="src\Toaster\Core\Core.hpp">
      <Filter>Toaster\Core</Filter>
    </ClInclude>
    <ClInclude Include="src\Toaster\Core\EntryPoint.hpp">
      <Filter>Toaster\Core</Filter>
    </ClInclude>
    <ClInclude Include="src\Toaster\Core\Input.hpp">
      <Filter>Toaster\Core</Filter>
    </ClInclude>
    <ClInclude Include="src\Toaster\Core\KeyCodes.hpp">
      <Filter>Toaster\Core</Filter>
    </ClInclude>
    <ClInclude Include="src\Toaster\Core\Layer.hpp">
      <Filter>Toaster\Core</Filter>
    </ClInclude>
    <ClInclude Include="src\Toaster\Core\LayerStack.hpp">
      <Filter>Toaster\Core</Filter>
    </ClInclude>
    <ClInclude Include="src\Toaster\Core\Log.hpp">
      <Filter>Toaster\Core</Filter>
    </ClInclude>
    <ClInclude Include="src\Toaster\Core\MouseCodes.hpp">
      <Filter>Toaster\Core</Filter>
    </ClInclude>
    <ClInclude Include="src\Toaster\Core\Time.hpp">
      <Filter>Toaster\Core</Filter>
    </ClInclude>
    <ClInclude Include="src\Toaster\Core\Window.hpp">
      <Filter>Toaster\Core</Filter>
    </ClInclude>
    <ClInclude Include="src\Toaster\Debug\Instrumentor.h">
      <Filter>Toaster\Debug</Filter>
    </ClInclude>
    <ClInclude Include="src\Toaster\Events\ApplicationEvent.hpp">
      <Filter>Toaster\Events</Filter>
    </ClInclude>
    <ClInclude Include="src\Toaster\Events\Event.hpp">
      <Filter>Toaster\Events</Filter>
    </ClInclude>
    <ClInclude Include="src\Toaster\Events\KeyEvent.hpp">
      <Filter>Toaster\Events</Filter>
    </ClInclude>
    <ClInclude Include="src\Toaster\Events\MouseEvent.hpp">
      <Filter>Toaster\Events</Filter>
    </ClInclude>
    <ClInclude Include="src\Toaster\Renderer\Buffer.hpp">
      <Filter>Toaster\Renderer</Filter>
    </ClInclude>
    <ClInclude Include="src\Toaster\Renderer\Camera.hpp">
      <Filter>Toaster\Renderer</Filter>
    </ClInclude>
    <ClInclude Include="src\Toaster\Renderer\Framebuffer.hpp">
      <Filter>Toaster\Renderer</Filter>
    </ClInclude>
    <ClInclude Include="src\Toaster\Renderer\Loaders\BlendLoader.hpp">
      <Filter>Toaster\Renderer\Loaders</Filter>
    </ClInclude>
    <ClInclude Include="src\Toaster\Renderer\Loaders\FbxLoader.hpp">
      <Filter>Toaster\Renderer\Loaders</Filter>
    </ClInclude>
    <ClInclude Include="src\Toaster\Renderer\Loaders\ObjLoader.hpp">
      <Filter>Toaster\Renderer\Loaders</Filter>
    </ClInclude>
    <ClInclude Include="src\Toaster\Renderer\Material.hpp">
      <Filter>Toaster\Renderer</Filter>
    </ClInclude>
    <ClInclude Include="src\Toaster\Renderer\Mesh.hpp">
      <Filter>Toaster\Renderer</Filter>
    </ClInclude>
    <ClInclude Include="src\Toaster\Renderer\MeshRenderer.hpp">
      <Filter>Toaster\Renderer</Filter>
    </ClInclude>
    <ClInclude Include="src\Toaster\Renderer\RenderCommand.hpp">
      <Filter>Toaster\Renderer</Filter>
    </ClInclude>
    <ClInclude Include="src\Toaster\Renderer\RenderCore.hpp">
      <Filter>Toaster\Renderer</Filter>
    </ClInclude>
    <ClInclude Include="src\Toaster\Renderer\Renderer.hpp">
      <Filter>Toaster\Renderer</Filter>
    </ClInclude>
    <ClInclude Include="src\Toaster\Renderer\Renderer2D.hpp">
      <Filter>Toaster\Renderer</Filter>
    </ClInclude>
    <ClInclude Include="src\Toaster\Renderer\Renderer3D.hpp">
      <Filter>Toaster\Renderer</Filter>
    </ClInclude>
    <ClInclude Include="src\Toaster\Renderer\RendererAPI.hpp">
      <Filter>Toaster\Renderer</Filter>
    </ClInclude>
    <ClInclude Include="src\Toaster\Renderer\RenderingContext.hpp">
      <Filter>Toaster\Renderer</Filter>
    </ClInclude>
    <ClInclude Include="src\Toaster\Renderer\Shader.hpp">
      <Filter>Toaster\Renderer</Filter>
    </ClInclude>
    <ClInclude Include="src\Toaster\Renderer\Texture.hpp">
      <Filter>Toaster\Renderer</Filter>
    </ClInclude>
    <ClInclude Include="src\Toaster\Renderer\Transform.hpp">
      <Filter>Toaster\Renderer</Filter>
    </ClInclude>
    <ClInclude Include="src\Toaster\Renderer\VertexArray.hpp">
      <Filter>Toaster\Renderer</Filter>
    </ClInclude>
    <ClInclude Include="src\Toaster\Scene\Components.hpp">
      <Filter>Toaster\Scene</Filter>
    </ClInclude>
    <ClInclude Include="src\Toaster\Scene\Entity.hpp">
      <Filter>Toaster\Scene</Filter>
    </ClInclude>
    <ClInclude Include="src\Toaster\Scene\Scene.hpp">
      <Filter>Toaster\Scene</Filter>
    </ClInclude>
    <ClInclude Include="src\Toaster\Scene\ScriptableEntity.hpp">
      <Filter>Toaster\Scene</Filter>
    </ClInclude>
    <ClInclude Include="src\Toaster\Util\MathUtil.hpp">
      <Filter>Toaster\Util</Filter>
    </ClInclude>
    <ClInclude Include="src\Toaster\imgui\ImguiLayer.hpp">
      <Filter>Toaster\imgui</Filter>
    </ClInclude>
    <ClInclude Include="src\platform\OpenGl\OpenGLBuffer.hpp">
      <Filter>platform\OpenGl</Filter>
    </ClInclude>
    <ClInclude Include="src\platform\OpenGl\OpenGLFramebuffer.hpp">
      <Filter>platform\OpenGl</Filter>
    </ClInclude>
    <ClInclude Include="src\platform\OpenGl\OpenGLImage.hpp">
      <Filter>platform\OpenGl</Filter>
    </ClInclude>
    <ClInclude Include="src\platform\OpenGl\OpenGLRendererAPI.hpp">
      <Filter>platform\OpenGl</Filter>
    </ClInclude>
    <ClInclude Include="src\platform\OpenGl\OpenGLRenderingContext.hpp">
      <Filter>platform\OpenGl</Filter>
    </ClInclude>
    <ClInclude Include="src\platform\OpenGl\OpenGLShader.hpp">
      <Filter>platform\OpenGl</Filter>
    </ClInclude>
    <ClInclude Include="src\platform\OpenGl\OpenGLTexture.hpp">
      <Filter>platform\OpenGl</Filter>
    </ClInclude>
    <ClInclude Include="src\platform\OpenGl\OpenGLVertexArray.hpp">
      <Filter>platform\OpenGl</Filter>
    </ClInclude>
    <ClInclude Include="src\platform\OpenGl\OpenGlTestLayer.h">
      <Filter>platform\OpenGl</Filter>
    </ClInclude>
    <ClInclude Include="src\platform\Vulkan\VulkanBuffer.hpp">
      <Filter>platform\Vulkan</Filter>
    </ClInclude>
    <ClInclude Include="src\platform\Vulkan\VulkanDevice.hpp">
      <Filter>platform\Vulkan</Filter>
    </ClInclude>
    <ClInclude Include="src\platform\Vulkan\VulkanImage.hpp">
      <Filter>platform\Vulkan</Filter>
    </ClInclude>
    <ClInclude Include="src\platform\Vulkan\VulkanRenderingContext.hpp">
      <Filter>platform\Vulkan</Filter>
    </ClInclude>
    <ClInclude Include="src\platform\Windows\WindowsInput.hpp">
      <Filter>platform\Windows</Filter>
    </ClInclude>
    <ClInclude Include="src\platform\Windows\WindowsWindow.hpp">
      <Filter>platform\Windows</Filter>
    </ClInclude>
    <ClInclude Include="src\tstpch.h" />
  </ItemGroup>
  <ItemGroup>
    <ClCompile Include="src\Toaster\CameraController.cpp">
      <Filter>Toaster</Filter>
    </ClCompile>
    <ClCompile Include="src\Toaster\Core\Application.cpp">
      <Filter>Toaster\Core</Filter>
    </ClCompile>
    <ClCompile Include="src\Toaster\Core\Layer.cpp">
      <Filter>Toaster\Core</Filter>
    </ClCompile>
    <ClCompile Include="src\Toaster\Core\LayerStack.cpp">
      <Filter>Toaster\Core</Filter>
    </ClCompile>
    <ClCompile Include="src\Toaster\Core\Log.cpp">
      <Filter>Toaster\Core</Filter>
    </ClCompile>
    <ClCompile Include="src\Toaster\Core\Time.cpp">
      <Filter>Toaster\Core</Filter>
    </ClCompile>
    <ClCompile Include="src\Toaster\Renderer\Buffer.cpp">
      <Filter>Toaster\Renderer</Filter>
    </ClCompile>
    <ClCompile Include="src\Toaster\Renderer\Camera.cpp">
      <Filter>Toaster\Renderer</Filter>
    </ClCompile>
    <ClCompile Include="src\Toaster\Renderer\Framebuffer.cpp">
      <Filter>Toaster\Renderer</Filter>
    </ClCompile>
    <ClCompile Include="src\Toaster\Renderer\Loaders\BlendLoader.cpp">
      <Filter>Toaster\Renderer\Loaders</Filter>
    </ClCompile>
    <ClCompile Include="src\Toaster\Renderer\Loaders\FbxLoader.cpp">
      <Filter>Toaster\Renderer\Loaders</Filter>
    </ClCompile>
    <ClCompile Include="src\Toaster\Renderer\Loaders\ObjLoader.cpp">
      <Filter>Toaster\Renderer\Loaders</Filter>
    </ClCompile>
    <ClCompile Include="src\Toaster\Renderer\Material.cpp">
      <Filter>Toaster\Renderer</Filter>
    </ClCompile>
    <ClCompile Include="src\Toaster\Renderer\Mesh.cpp">
      <Filter>Toaster\Renderer</Filter>
    </ClCompile>
    <ClCompile Include="src\Toaster\Renderer\MeshRenderer.cpp">
      <Filter>Toaster\Renderer</Filter>
    </ClCompile>
    <ClCompile Include="src\Toaster\Renderer\RenderCommand.cpp">
      <Filter>Toaster\Renderer</Filter>
    </ClCompile>
    <ClCompile Include="src\Toaster\Renderer\RenderCore.cpp">
      <Filter>Toaster\Renderer</Filter>
    </ClCompile>
    <ClCompile Include="src\Toaster\Renderer\Renderer.cpp">
      <Filter>Toaster\Renderer</Filter>
    </ClCompile>
    <ClCompile Include="src\Toaster\Renderer\Renderer2D.cpp">
      <Filter>Toaster\Renderer</Filter>
    </ClCompile>
    <ClCompile Include="src\Toaster\Renderer\Renderer3D.cpp">
      <Filter>Toaster\Renderer</Filter>
    </ClCompile>
    <ClCompile Include="src\Toaster\Renderer\RendererAPI.cpp">
      <Filter>Toaster\Renderer</Filter>
    </ClCompile>
    <ClCompile Include="src\Toaster\Renderer\Shader.cpp">
      <Filter>Toaster\Renderer</Filter>
    </ClCompile>
    <ClCompile Include="src\Toaster\Renderer\Texture.cpp">
      <Filter>Toaster\Renderer</Filter>
    </ClCompile>
    <ClCompile Include="src\Toaster\Renderer\VertexArray.cpp">
      <Filter>Toaster\Renderer</Filter>
    </ClCompile>
    <ClCompile Include="src\Toaster\Scene\Components.cpp">
      <Filter>Toaster\Scene</Filter>
    </ClCompile>
    <ClCompile Include="src\Toaster\Scene\Entity.cpp">
      <Filter>Toaster\Scene</Filter>
    </ClCompile>
    <ClCompile Include="src\Toaster\Scene\Scene.cpp">
      <Filter>Toaster\Scene</Filter>
    </ClCompile>
    <ClCompile Include="src\Toaster\imgui\ImGuiBuild.cpp">
      <Filter>Toaster\imgui</Filter>
    </ClCompile>
    <ClCompile Include="src\Toaster\imgui\ImguiLayer.cpp">
      <Filter>Toaster\imgui</Filter>
    </ClCompile>
    <ClCompile Include="src\platform\OpenGl\OpenGLBuffer.cpp">
      <Filter>platform\OpenGl</Filter>
    </ClCompile>
    <ClCompile Include="src\platform\OpenGl\OpenGLFramebuffer.cpp">
      <Filter>platform\OpenGl</Filter>
    </ClCompile>
    <ClCompile Include="src\platform\OpenGl\OpenGLImage.cpp">
      <Filter>platform\OpenGl</Filter>
    </ClCompile>
    <ClCompile Include="src\platform\OpenGl\OpenGLRendererAPI.cpp">
      <Filter>platform\OpenGl</Filter>
    </ClCompile>
    <ClCompile Include="src\platform\OpenGl\OpenGLRenderingContext.cpp">
      <Filter>platform\OpenGl</Filter>
    </ClCompile>
    <ClCompile Include="src\platform\OpenGl\OpenGLShader.cpp">
      <Filter>platform\OpenGl</Filter>
    </ClCompile>
    <ClCompile Include="src\platform\OpenGl\OpenGLTexture.cpp">
      <Filter>platform\OpenGl</Filter>
    </ClCompile>
    <ClCompile Include="src\platform\OpenGl\OpenGLVertexArray.cpp">
      <Filter>platform\OpenGl</Filter>
    </ClCompile>
    <ClCompile Include="src\platform\OpenGl\OpenGlTestLayer.cpp">
      <Filter>platform\OpenGl</Filter>
    </ClCompile>
    <ClCompile Include="src\platform\Vulkan\VulkanBuffer.cpp">
      <Filter>platform\Vulkan</Filter>
    </ClCompile>
    <ClCompile Include="src\platform\Vulkan\VulkanDevice.cpp">
      <Filter>platform\Vulkan</Filter>
    </ClCompile>
    <ClCompile Include="src\platform\Vulkan\VulkanImage.cpp">
      <Filter>platform\Vulkan</Filter>
    </ClCompile>
    <ClCompile Include="src\platform\Vulkan\VulkanRenderingContext.cpp">
      <Filter>platform\Vulkan</Filter>
    </ClCompile>
    <ClCompile Include="src\platform\Windows\WindowsInput.cpp">
      <Filter>platform\Windows</Filter>
    </ClCompile>
    <ClCompile Include="src\platform\Windows\WindowsWindow.cpp">
      <Filter>platform\Windows</Filter>
    </ClCompile>
    <ClCompile Include="src\tstpch.cpp" />
  </ItemGroup>
</Project>